
Microsoft Visual Studio Solution File, Format Version 12.00
# Visual Studio Version 16
VisualStudioVersion = 16.0.32630.194
MinimumVisualStudioVersion = 10.0.40219.1
Project("{FAE04EC0-301F-11D3-BF4B-00C04F79EFBC}") = "AS3Q5ItemBook", "AS3Q5ItemBook\AS3Q5ItemBook.csproj", "{1D9D066A-E9E7-45CC-BEB3-F1358BF02FD3}"
EndProject
Global
	GlobalSection(SolutionConfigurationPlatforms) = preSolution
		Debug|Any CPU = Debug|Any CPU
		Release|Any CPU = Release|Any CPU
	EndGlobalSection
	GlobalSection(ProjectConfigurationPlatforms) = postSolution
		{1D9D066A-E9E7-45CC-BEB3-F1358BF02FD3}.Debug|Any CPU.ActiveCfg = Debug|Any CPU
		{1D9D066A-E9E7-45CC-BEB3-F1358BF02FD3}.Debug|Any CPU.Build.0 = Debug|Any CPU
		{1D9D066A-E9E7-45CC-BEB3-F1358BF02FD3}.Release|Any CPU.ActiveCfg = Release|Any CPU
		{1D9D066A-E9E7-45CC-BEB3-F1358BF02FD3}.Release|Any CPU.Build.0 = Release|Any CPU
	EndGlobalSection
	GlobalSection(SolutionProperties) = preSolution
		HideSolutionNode = FALSE
	EndGlobalSection
	GlobalSection(ExtensibilityGlobals) = postSolution
		SolutionGuid = {AA477730-58CF-4CA9-812E-8CF3294D217E}
	EndGlobalSection
EndGlobal
