
Microsoft Visual Studio Solution File, Format Version 12.00
# Visual Studio Version 16
VisualStudioVersion = 16.0.32630.194
MinimumVisualStudioVersion = 10.0.40219.1
Project("{FAE04EC0-301F-11D3-BF4B-00C04F79EFBC}") = "AS3Q7Car", "AS3Q7Car\AS3Q7Car.csproj", "{5628D6E3-E2A2-4988-9DE8-7A5585770C0C}"
EndProject
Global
	GlobalSection(SolutionConfigurationPlatforms) = preSolution
		Debug|Any CPU = Debug|Any CPU
		Release|Any CPU = Release|Any CPU
	EndGlobalSection
	GlobalSection(ProjectConfigurationPlatforms) = postSolution
		{5628D6E3-E2A2-4988-9DE8-7A5585770C0C}.Debug|Any CPU.ActiveCfg = Debug|Any CPU
		{5628D6E3-E2A2-4988-9DE8-7A5585770C0C}.Debug|Any CPU.Build.0 = Debug|Any CPU
		{5628D6E3-E2A2-4988-9DE8-7A5585770C0C}.Release|Any CPU.ActiveCfg = Release|Any CPU
		{5628D6E3-E2A2-4988-9DE8-7A5585770C0C}.Release|Any CPU.Build.0 = Release|Any CPU
	EndGlobalSection
	GlobalSection(SolutionProperties) = preSolution
		HideSolutionNode = FALSE
	EndGlobalSection
	GlobalSection(ExtensibilityGlobals) = postSolution
		SolutionGuid = {D00A486F-8143-4B0F-ACCB-1875AD71F650}
	EndGlobalSection
EndGlobal
