
Microsoft Visual Studio Solution File, Format Version 12.00
# Visual Studio Version 16
VisualStudioVersion = 16.0.32630.194
MinimumVisualStudioVersion = 10.0.40219.1
Project("{FAE04EC0-301F-11D3-BF4B-00C04F79EFBC}") = "Win_REGISTRATION_FORM", "Win_REGISTRATION_FORM\Win_REGISTRATION_FORM.csproj", "{76D00F77-BE1C-40EA-81DA-91F56ECEE68F}"
EndProject
Global
	GlobalSection(SolutionConfigurationPlatforms) = preSolution
		Debug|Any CPU = Debug|Any CPU
		Release|Any CPU = Release|Any CPU
	EndGlobalSection
	GlobalSection(ProjectConfigurationPlatforms) = postSolution
		{76D00F77-BE1C-40EA-81DA-91F56ECEE68F}.Debug|Any CPU.ActiveCfg = Debug|Any CPU
		{76D00F77-BE1C-40EA-81DA-91F56ECEE68F}.Debug|Any CPU.Build.0 = Debug|Any CPU
		{76D00F77-BE1C-40EA-81DA-91F56ECEE68F}.Release|Any CPU.ActiveCfg = Release|Any CPU
		{76D00F77-BE1C-40EA-81DA-91F56ECEE68F}.Release|Any CPU.Build.0 = Release|Any CPU
	EndGlobalSection
	GlobalSection(SolutionProperties) = preSolution
		HideSolutionNode = FALSE
	EndGlobalSection
	GlobalSection(ExtensibilityGlobals) = postSolution
		SolutionGuid = {D2EAC943-3CA7-48CB-9DF3-DD4CB85FDE8F}
	EndGlobalSection
EndGlobal
